{
  "name": "@pranav-k-jha/medium-common",
  "version": "1.0.7",
  "lockfileVersion": 3,
  "requires": true,
  "packages": {
    "": {
      "name": "@pranav-k-jha/medium-common",
      "version": "1.0.7",
      "license": "ISC",
      "dependencies": {
        "@pranav-k-jha/medium-common": "^1.0.3",
        "zod": "^3.23.8"
      }
    },
    "node_modules/@pranav-k-jha/medium-common": {
      "version": "1.0.3",
      "resolved": "https://registry.npmjs.org/@pranav-k-jha/medium-common/-/medium-common-1.0.3.tgz",
      "integrity": "sha512-CyfWHlyNq3aty0O8DnuuSdKDHpO7prXSg1CDzb0nTlMxJRg793XNIXLhuVFf1joCrJRbc9ihrPNiJAWP0U3Mpw==",
      "dependencies": {
        "zod": "^3.23.8"
      }
    },
    "node_modules/zod": {
      "version": "3.23.8",
      "resolved": "https://registry.npmjs.org/zod/-/zod-3.23.8.tgz",
      "integrity": "sha512-XBx9AXhXktjUqnepgTiE5flcKIYWi/rme0Eaj+5Y0lftuGBq+jyRu/md4WnuxqgP1ubdpNCsYEYPxrzVHD8d6g==",
      "funding": {
        "url": "https://github.com/sponsors/colinhacks"
      }
    }
  }
}
